
Microsoft Visual Studio Solution File, Format Version 12.00
# Visual Studio Version 17
VisualStudioVersion = 17.6.33829.357
MinimumVisualStudioVersion = 10.0.40219.1
Project("{FAE04EC0-301F-11D3-BF4B-00C04F79EFBC}") = "SocketNET7", "SocketNET7\SocketNET7.csproj", "{80C37380-2B3B-4583-BEC0-5D44AE329D8E}"
EndProject
Global
	GlobalSection(SolutionConfigurationPlatforms) = preSolution
		Debug|Any CPU = Debug|Any CPU
		Release|Any CPU = Release|Any CPU
	EndGlobalSection
	GlobalSection(ProjectConfigurationPlatforms) = postSolution
		{80C37380-2B3B-4583-BEC0-5D44AE329D8E}.Debug|Any CPU.ActiveCfg = Debug|Any CPU
		{80C37380-2B3B-4583-BEC0-5D44AE329D8E}.Debug|Any CPU.Build.0 = Debug|Any CPU
		{80C37380-2B3B-4583-BEC0-5D44AE329D8E}.Release|Any CPU.ActiveCfg = Release|Any CPU
		{80C37380-2B3B-4583-BEC0-5D44AE329D8E}.Release|Any CPU.Build.0 = Release|Any CPU
	EndGlobalSection
	GlobalSection(SolutionProperties) = preSolution
		HideSolutionNode = FALSE
	EndGlobalSection
	GlobalSection(ExtensibilityGlobals) = postSolution
		SolutionGuid = {F85002A4-D661-4E51-8CE9-CF552A340216}
	EndGlobalSection
EndGlobal
